
Microsoft Visual Studio Solution File, Format Version 12.00
# Visual Studio Version 17
VisualStudioVersion = 17.2.32526.322
MinimumVisualStudioVersion = 10.0.40219.1
Project("{FAE04EC0-301F-11D3-BF4B-00C04F79EFBC}") = "Lesson_02_Example(Accessor)", "Lesson_02_Example(Accessor)\Lesson_02_Example(Accessor).csproj", "{178F310F-CB97-45E0-B813-4F9AFD204478}"
EndProject
Project("{FAE04EC0-301F-11D3-BF4B-00C04F79EFBC}") = "Lesson02Ex1", "Lesson02Ex1\Lesson02Ex1.csproj", "{4B8AC315-3EA7-4513-B53A-12D18622D036}"
EndProject
Project("{FAE04EC0-301F-11D3-BF4B-00C04F79EFBC}") = "Lesson02Ex3", "Lesson02Ex3\Lesson02Ex3.csproj", "{9A9368F1-C3EC-477C-A56C-94B0EE1D035E}"
EndProject
Project("{FAE04EC0-301F-11D3-BF4B-00C04F79EFBC}") = "Lesson02Ex2", "Lesson02Ex2\Lesson02Ex2.csproj", "{39866C7F-F60A-4D0C-82B6-1BF540D105CD}"
EndProject
Global
	GlobalSection(SolutionConfigurationPlatforms) = preSolution
		Debug|Any CPU = Debug|Any CPU
		Release|Any CPU = Release|Any CPU
	EndGlobalSection
	GlobalSection(ProjectConfigurationPlatforms) = postSolution
		{178F310F-CB97-45E0-B813-4F9AFD204478}.Debug|Any CPU.ActiveCfg = Debug|Any CPU
		{178F310F-CB97-45E0-B813-4F9AFD204478}.Debug|Any CPU.Build.0 = Debug|Any CPU
		{178F310F-CB97-45E0-B813-4F9AFD204478}.Release|Any CPU.ActiveCfg = Release|Any CPU
		{178F310F-CB97-45E0-B813-4F9AFD204478}.Release|Any CPU.Build.0 = Release|Any CPU
		{4B8AC315-3EA7-4513-B53A-12D18622D036}.Debug|Any CPU.ActiveCfg = Debug|Any CPU
		{4B8AC315-3EA7-4513-B53A-12D18622D036}.Debug|Any CPU.Build.0 = Debug|Any CPU
		{4B8AC315-3EA7-4513-B53A-12D18622D036}.Release|Any CPU.ActiveCfg = Release|Any CPU
		{4B8AC315-3EA7-4513-B53A-12D18622D036}.Release|Any CPU.Build.0 = Release|Any CPU
		{9A9368F1-C3EC-477C-A56C-94B0EE1D035E}.Debug|Any CPU.ActiveCfg = Debug|Any CPU
		{9A9368F1-C3EC-477C-A56C-94B0EE1D035E}.Debug|Any CPU.Build.0 = Debug|Any CPU
		{9A9368F1-C3EC-477C-A56C-94B0EE1D035E}.Release|Any CPU.ActiveCfg = Release|Any CPU
		{9A9368F1-C3EC-477C-A56C-94B0EE1D035E}.Release|Any CPU.Build.0 = Release|Any CPU
		{39866C7F-F60A-4D0C-82B6-1BF540D105CD}.Debug|Any CPU.ActiveCfg = Debug|Any CPU
		{39866C7F-F60A-4D0C-82B6-1BF540D105CD}.Debug|Any CPU.Build.0 = Debug|Any CPU
		{39866C7F-F60A-4D0C-82B6-1BF540D105CD}.Release|Any CPU.ActiveCfg = Release|Any CPU
		{39866C7F-F60A-4D0C-82B6-1BF540D105CD}.Release|Any CPU.Build.0 = Release|Any CPU
	EndGlobalSection
	GlobalSection(SolutionProperties) = preSolution
		HideSolutionNode = FALSE
	EndGlobalSection
	GlobalSection(ExtensibilityGlobals) = postSolution
		SolutionGuid = {9EEA6669-8856-4EF9-A600-5F3B0F36C538}
	EndGlobalSection
EndGlobal
